// !$*UTF8*$!
{
	archiveVersion = 1;
	classes = {
	};
	objectVersion = 50;
	objects = {

/* Begin PBXBuildFile section */
		538FE94022CBB48F005A3836 /* AppDelegate.m in Sources */ = {isa = PBXBuildFile; fileRef = 538FE93F22CBB48F005A3836 /* AppDelegate.m */; };
		538FE94622CBB48F005A3836 /* Main.storyboard in Resources */ = {isa = PBXBuildFile; fileRef = 538FE94422CBB48F005A3836 /* Main.storyboard */; };
		538FE94822CBB490005A3836 /* Assets.xcassets in Resources */ = {isa = PBXBuildFile; fileRef = 538FE94722CBB490005A3836 /* Assets.xcassets */; };
		538FE94B22CBB490005A3836 /* LaunchScreen.storyboard in Resources */ = {isa = PBXBuildFile; fileRef = 538FE94922CBB490005A3836 /* LaunchScreen.storyboard */; };
		538FE94E22CBB490005A3836 /* main.m in Sources */ = {isa = PBXBuildFile; fileRef = 538FE94D22CBB490005A3836 /* main.m */; };
		538FE95722CBB7FC005A3836 /* KSPokemon.m in Sources */ = {isa = PBXBuildFile; fileRef = 538FE95622CBB7FC005A3836 /* KSPokemon.m */; };
/* End PBXBuildFile section */

/* Begin PBXFileReference section */
		538FE93B22CBB48F005A3836 /* PokedexObjC.app */ = {isa = PBXFileReference; explicitFileType = wrapper.application; includeInIndex = 0; path = PokedexObjC.app; sourceTree = BUILT_PRODUCTS_DIR; };
		538FE93E22CBB48F005A3836 /* AppDelegate.h */ = {isa = PBXFileReference; lastKnownFileType = sourcecode.c.h; path = AppDelegate.h; sourceTree = "<group>"; };
		538FE93F22CBB48F005A3836 /* AppDelegate.m */ = {isa = PBXFileReference; lastKnownFileType = sourcecode.c.objc; path = AppDelegate.m; sourceTree = "<group>"; };
		538FE94522CBB48F005A3836 /* Base */ = {isa = PBXFileReference; lastKnownFileType = file.storyboard; name = Base; path = Base.lproj/Main.storyboard; sourceTree = "<group>"; };
		538FE94722CBB490005A3836 /* Assets.xcassets */ = {isa = PBXFileReference; lastKnownFileType = folder.assetcatalog; path = Assets.xcassets; sourceTree = "<group>"; };
		538FE94A22CBB490005A3836 /* Base */ = {isa = PBXFileReference; lastKnownFileType = file.storyboard; name = Base; path = Base.lproj/LaunchScreen.storyboard; sourceTree = "<group>"; };
		538FE94C22CBB490005A3836 /* Info.plist */ = {isa = PBXFileReference; lastKnownFileType = text.plist.xml; path = Info.plist; sourceTree = "<group>"; };
		538FE94D22CBB490005A3836 /* main.m */ = {isa = PBXFileReference; lastKnownFileType = sourcecode.c.objc; path = main.m; sourceTree = "<group>"; };
		538FE95522CBB7FC005A3836 /* KSPokemon.h */ = {isa = PBXFileReference; lastKnownFileType = sourcecode.c.h; path = KSPokemon.h; sourceTree = "<group>"; };
		538FE95622CBB7FC005A3836 /* KSPokemon.m */ = {isa = PBXFileReference; lastKnownFileType = sourcecode.c.objc; path = KSPokemon.m; sourceTree = "<group>"; };
/* End PBXFileReference section */

/* Begin PBXFrameworksBuildPhase section */
		538FE93822CBB48F005A3836 /* Frameworks */ = {
			isa = PBXFrameworksBuildPhase;
			buildActionMask = 2147483647;
			files = (
			);
			runOnlyForDeploymentPostprocessing = 0;
		};
/* End PBXFrameworksBuildPhase section */

/* Begin PBXGroup section */
		538FE93222CBB48F005A3836 = {
			isa = PBXGroup;
			children = (
				538FE93D22CBB48F005A3836 /* PokedexObjC */,
				538FE93C22CBB48F005A3836 /* Products */,
			);
			sourceTree = "<group>";
		};
		538FE93C22CBB48F005A3836 /* Products */ = {
			isa = PBXGroup;
			children = (
				538FE93B22CBB48F005A3836 /* PokedexObjC.app */,
			);
			name = Products;
			sourceTree = "<group>";
		};
		538FE93D22CBB48F005A3836 /* PokedexObjC */ = {
			isa = PBXGroup;
			children = (
				538FE94422CBB48F005A3836 /* Main.storyboard */,
				538FE95822CBB806005A3836 /* Model */,
				538FE95422CBB49C005A3836 /* Resources */,
			);
			path = PokedexObjC;
			sourceTree = "<group>";
		};
		538FE95422CBB49C005A3836 /* Resources */ = {
			isa = PBXGroup;
			children = (
				538FE93E22CBB48F005A3836 /* AppDelegate.h */,
				538FE93F22CBB48F005A3836 /* AppDelegate.m */,
				538FE94722CBB490005A3836 /* Assets.xcassets */,
				538FE94922CBB490005A3836 /* LaunchScreen.storyboard */,
				538FE94C22CBB490005A3836 /* Info.plist */,
				538FE94D22CBB490005A3836 /* main.m */,
			);
			path = Resources;
			sourceTree = "<group>";
		};
		538FE95822CBB806005A3836 /* Model */ = {
			isa = PBXGroup;
			children = (
				538FE95522CBB7FC005A3836 /* KSPokemon.h */,
				538FE95622CBB7FC005A3836 /* KSPokemon.m */,
			);
			path = Model;
			sourceTree = "<group>";
		};
/* End PBXGroup section */

/* Begin PBXNativeTarget section */
		538FE93A22CBB48F005A3836 /* PokedexObjC */ = {
			isa = PBXNativeTarget;
			buildConfigurationList = 538FE95122CBB490005A3836 /* Build configuration list for PBXNativeTarget "PokedexObjC" */;
			buildPhases = (
				538FE93722CBB48F005A3836 /* Sources */,
				538FE93822CBB48F005A3836 /* Frameworks */,
				538FE93922CBB48F005A3836 /* Resources */,
			);
			buildRules = (
			);
			dependencies = (
			);
			name = PokedexObjC;
			productName = PokedexObjC;
			productReference = 538FE93B22CBB48F005A3836 /* PokedexObjC.app */;
			productType = "com.apple.product-type.application";
		};
/* End PBXNativeTarget section */

/* Begin PBXProject section */
		538FE93322CBB48F005A3836 /* Project object */ = {
			isa = PBXProject;
			attributes = {
				LastUpgradeCheck = 1020;
				ORGANIZATIONNAME = "Madi S";
				TargetAttributes = {
					538FE93A22CBB48F005A3836 = {
						CreatedOnToolsVersion = 10.2.1;
					};
				};
			};
			buildConfigurationList = 538FE93622CBB48F005A3836 /* Build configuration list for PBXProject "PokedexObjC" */;
			compatibilityVersion = "Xcode 9.3";
			developmentRegion = en;
			hasScannedForEncodings = 0;
			knownRegions = (
				en,
				Base,
			);
			mainGroup = 538FE93222CBB48F005A3836;
			productRefGroup = 538FE93C22CBB48F005A3836 /* Products */;
			projectDirPath = "";
			projectRoot = "";
			targets = (
				538FE93A22CBB48F005A3836 /* PokedexObjC */,
			);
		};
/* End PBXProject section */

/* Begin PBXResourcesBuildPhase section */
		538FE93922CBB48F005A3836 /* Resources */ = {
			isa = PBXResourcesBuildPhase;
			buildActionMask = 2147483647;
			files = (
				538FE94B22CBB490005A3836 /* LaunchScreen.storyboard in Resources */,
				538FE94822CBB490005A3836 /* Assets.xcassets in Resources */,
				538FE94622CBB48F005A3836 /* Main.storyboard in Resources */,
			);
			runOnlyForDeploymentPostprocessing = 0;
		};
/* End PBXResourcesBuildPhase section */

/* Begin PBXSourcesBuildPhase section */
		538FE93722CBB48F005A3836 /* Sources */ = {
			isa = PBXSourcesBuildPhase;
			buildActionMask = 2147483647;
			files = (
				538FE95722CBB7FC005A3836 /* KSPokemon.m in Sources */,
				538FE94E22CBB490005A3836 /* main.m in Sources */,
				538FE94022CBB48F005A3836 /* AppDelegate.m in Sources */,
			);
			runOnlyForDeploymentPostprocessing = 0;
		};
/* End PBXSourcesBuildPhase section */

/* Begin PBXVariantGroup section */
		538FE94422CBB48F005A3836 /* Main.storyboard */ = {
			isa = PBXVariantGroup;
			children = (
				538FE94522CBB48F005A3836 /* Base */,
			);
			name = Main.storyboard;
			sourceTree = "<group>";
		};
		538FE94922CBB490005A3836 /* LaunchScreen.storyboard */ = {
			isa = PBXVariantGroup;
			children = (
				538FE94A22CBB490005A3836 /* Base */,
			);
			name = LaunchScreen.storyboard;
			sourceTree = "<group>";
		};
/* End PBXVariantGroup section */

/* Begin XCBuildConfiguration section */
		538FE94F22CBB490005A3836 /* Debug */ = {
			isa = XCBuildConfiguration;
			buildSettings = {
				ALWAYS_SEARCH_USER_PATHS = NO;
				CLANG_ANALYZER_NONNULL = YES;
				CLANG_ANALYZER_NUMBER_OBJECT_CONVERSION = YES_AGGRESSIVE;
				CLANG_CXX_LANGUAGE_STANDARD = "gnu++14";
				CLANG_CXX_LIBRARY = "libc++";
				CLANG_ENABLE_MODULES = YES;
				CLANG_ENABLE_OBJC_ARC = YES;
				CLANG_ENABLE_OBJC_WEAK = YES;
				CLANG_WARN_BLOCK_CAPTURE_AUTORELEASING = YES;
				CLANG_WARN_BOOL_CONVERSION = YES;
				CLANG_WARN_COMMA = YES;
				CLANG_WARN_CONSTANT_CONVERSION = YES;
				CLANG_WARN_DEPRECATED_OBJC_IMPLEMENTATIONS = YES;
				CLANG_WARN_DIRECT_OBJC_ISA_USAGE = YES_ERROR;
				CLANG_WARN_DOCUMENTATION_COMMENTS = YES;
				CLANG_WARN_EMPTY_BODY = YES;
				CLANG_WARN_ENUM_CONVERSION = YES;
				CLANG_WARN_INFINITE_RECURSION = YES;
				CLANG_WARN_INT_CONVERSION = YES;
				CLANG_WARN_NON_LITERAL_NULL_CONVERSION = YES;
				CLANG_WARN_OBJC_IMPLICIT_RETAIN_SELF = YES;
				CLANG_WARN_OBJC_LITERAL_CONVERSION = YES;
				CLANG_WARN_OBJC_ROOT_CLASS = YES_ERROR;
				CLANG_WARN_RANGE_LOOP_ANALYSIS = YES;
				CLANG_WARN_STRICT_PROTOTYPES = YES;
				CLANG_WARN_SUSPICIOUS_MOVE = YES;
				CLANG_WARN_UNGUARDED_AVAILABILITY = YES_AGGRESSIVE;
				CLANG_WARN_UNREACHABLE_CODE = YES;
				CLANG_WARN__DUPLICATE_METHOD_MATCH = YES;
				CODE_SIGN_IDENTITY = "iPhone Developer";
				COPY_PHASE_STRIP = NO;
				DEBUG_INFORMATION_FORMAT = dwarf;
				ENABLE_STRICT_OBJC_MSGSEND = YES;
				ENABLE_TESTABILITY = YES;
				GCC_C_LANGUAGE_STANDARD = gnu11;
				GCC_DYNAMIC_NO_PIC = NO;
				GCC_NO_COMMON_BLOCKS = YES;
				GCC_OPTIMIZATION_LEVEL = 0;
				GCC_PREPROCESSOR_DEFINITIONS = (
					"DEBUG=1",
					"$(inherited)",
				);
				GCC_WARN_64_TO_32_BIT_CONVERSION = YES;
				GCC_WARN_ABOUT_RETURN_TYPE = YES_ERROR;
				GCC_WARN_UNDECLARED_SELECTOR = YES;
				GCC_WARN_UNINITIALIZED_AUTOS = YES_AGGRESSIVE;
				GCC_WARN_UNUSED_FUNCTION = YES;
				GCC_WARN_UNUSED_VARIABLE = YES;
				IPHONEOS_DEPLOYMENT_TARGET = 12.2;
				MTL_ENABLE_DEBUG_INFO = INCLUDE_SOURCE;
				MTL_FAST_MATH = YES;
				ONLY_ACTIVE_ARCH = YES;
				SDKROOT = iphoneos;
			};
			name = Debug;
		};
		538FE95022CBB490005A3836 /* Release */ = {
			isa = XCBuildConfiguration;
			buildSettings = {
				ALWAYS_SEARCH_USER_PATHS = NO;
				CLANG_ANALYZER_NONNULL = YES;
				CLANG_ANALYZER_NUMBER_OBJECT_CONVERSION = YES_AGGRESSIVE;
				CLANG_CXX_LANGUAGE_STANDARD = "gnu++14";
				CLANG_CXX_LIBRARY = "libc++";
				CLANG_ENABLE_MODULES = YES;
				CLANG_ENABLE_OBJC_ARC = YES;
				CLANG_ENABLE_OBJC_WEAK = YES;
				CLANG_WARN_BLOCK_CAPTURE_AUTORELEASING = YES;
				CLANG_WARN_BOOL_CONVERSION = YES;
				CLANG_WARN_COMMA = YES;
				CLANG_WARN_CONSTANT_CONVERSION = YES;
				CLANG_WARN_DEPRECATED_OBJC_IMPLEMENTATIONS = YES;
				CLANG_WARN_DIRECT_OBJC_ISA_USAGE = YES_ERROR;
				CLANG_WARN_DOCUMENTATION_COMMENTS = YES;
				CLANG_WARN_EMPTY_BODY = YES;
				CLANG_WARN_ENUM_CONVERSION = YES;
				CLANG_WARN_INFINITE_RECURSION = YES;
				CLANG_WARN_INT_CONVERSION = YES;
				CLANG_WARN_NON_LITERAL_NULL_CONVERSION = YES;
				CLANG_WARN_OBJC_IMPLICIT_RETAIN_SELF = YES;
				CLANG_WARN_OBJC_LITERAL_CONVERSION = YES;
				CLANG_WARN_OBJC_ROOT_CLASS = YES_ERROR;
				CLANG_WARN_RANGE_LOOP_ANALYSIS = YES;
				CLANG_WARN_STRICT_PROTOTYPES = YES;
				CLANG_WARN_SUSPICIOUS_MOVE = YES;
				CLANG_WARN_UNGUARDED_AVAILABILITY = YES_AGGRESSIVE;
				CLANG_WARN_UNREACHABLE_CODE = YES;
				CLANG_WARN__DUPLICATE_METHOD_MATCH = YES;
				CODE_SIGN_IDENTITY = "iPhone Developer";
				COPY_PHASE_STRIP = NO;
				DEBUG_INFORMATION_FORMAT = "dwarf-with-dsym";
				ENABLE_NS_ASSERTIONS = NO;
				ENABLE_STRICT_OBJC_MSGSEND = YES;
				GCC_C_LANGUAGE_STANDARD = gnu11;
				GCC_NO_COMMON_BLOCKS = YES;
				GCC_WARN_64_TO_32_BIT_CONVERSION = YES;
				GCC_WARN_ABOUT_RETURN_TYPE = YES_ERROR;
				GCC_WARN_UNDECLARED_SELECTOR = YES;
				GCC_WARN_UNINITIALIZED_AUTOS = YES_AGGRESSIVE;
				GCC_WARN_UNUSED_FUNCTION = YES;
				GCC_WARN_UNUSED_VARIABLE = YES;
				IPHONEOS_DEPLOYMENT_TARGET = 12.2;
				MTL_ENABLE_DEBUG_INFO = NO;
				MTL_FAST_MATH = YES;
				SDKROOT = iphoneos;
				VALIDATE_PRODUCT = YES;
			};
			name = Release;
		};
		538FE95222CBB490005A3836 /* Debug */ = {
			isa = XCBuildConfiguration;
			buildSettings = {
				ASSETCATALOG_COMPILER_APPICON_NAME = AppIcon;
				CODE_SIGN_STYLE = Automatic;
				DEVELOPMENT_TEAM = 8MJ3MC3A9A;
				INFOPLIST_FILE = "$(SRCROOT)/PokedexObjC/Resources/Info.plist";
				LD_RUNPATH_SEARCH_PATHS = (
					"$(inherited)",
					"@executable_path/Frameworks",
				);
				PRODUCT_BUNDLE_IDENTIFIER = "Madi-S.PokedexObjC";
				PRODUCT_NAME = "$(TARGET_NAME)";
				TARGETED_DEVICE_FAMILY = "1,2";
			};
			name = Debug;
		};
		538FE95322CBB490005A3836 /* Release */ = {
			isa = XCBuildConfiguration;
			buildSettings = {
				ASSETCATALOG_COMPILER_APPICON_NAME = AppIcon;
				CODE_SIGN_STYLE = Automatic;
				DEVELOPMENT_TEAM = 8MJ3MC3A9A;
				INFOPLIST_FILE = "$(SRCROOT)/PokedexObjC/Resources/Info.plist";
				LD_RUNPATH_SEARCH_PATHS = (
					"$(inherited)",
					"@executable_path/Frameworks",
				);
				PRODUCT_BUNDLE_IDENTIFIER = "Madi-S.PokedexObjC";
				PRODUCT_NAME = "$(TARGET_NAME)";
				TARGETED_DEVICE_FAMILY = "1,2";
			};
			name = Release;
		};
/* End XCBuildConfiguration section */

/* Begin XCConfigurationList section */
		538FE93622CBB48F005A3836 /* Build configuration list for PBXProject "PokedexObjC" */ = {
			isa = XCConfigurationList;
			buildConfigurations = (
				538FE94F22CBB490005A3836 /* Debug */,
				538FE95022CBB490005A3836 /* Release */,
			);
			defaultConfigurationIsVisible = 0;
			defaultConfigurationName = Release;
		};
		538FE95122CBB490005A3836 /* Build configuration list for PBXNativeTarget "PokedexObjC" */ = {
			isa = XCConfigurationList;
			buildConfigurations = (
				538FE95222CBB490005A3836 /* Debug */,
				538FE95322CBB490005A3836 /* Release */,
			);
			defaultConfigurationIsVisible = 0;
			defaultConfigurationName = Release;
		};
/* End XCConfigurationList section */
	};
	rootObject = 538FE93322CBB48F005A3836 /* Project object */;
}
